
Microsoft Visual Studio Solution File, Format Version 12.00
# Visual Studio Version 17
VisualStudioVersion = 17.3.32929.385
MinimumVisualStudioVersion = 10.0.40219.1
Project("{9A19103F-16F7-4668-BE54-9A1E7A4F7556}") = "Clase2.Logica", "Clase2.Logica\Clase2.Logica.csproj", "{67165A0F-09DF-43F4-B391-6AC3EBA6977F}"
EndProject
Project("{9A19103F-16F7-4668-BE54-9A1E7A4F7556}") = "Clase2.Consola", "Clase2.Consola\Clase2.Consola.csproj", "{DA9328F3-A657-4F34-A995-429DC7771096}"
EndProject
Project("{FAE04EC0-301F-11D3-BF4B-00C04F79EFBC}") = "Clase2.Test", "Test\Clase2.Test.csproj", "{7C2CACC8-6F42-4BFD-A989-F4FC4D012E85}"
EndProject
Global
	GlobalSection(SolutionConfigurationPlatforms) = preSolution
		Debug|Any CPU = Debug|Any CPU
		Release|Any CPU = Release|Any CPU
	EndGlobalSection
	GlobalSection(ProjectConfigurationPlatforms) = postSolution
		{67165A0F-09DF-43F4-B391-6AC3EBA6977F}.Debug|Any CPU.ActiveCfg = Debug|Any CPU
		{67165A0F-09DF-43F4-B391-6AC3EBA6977F}.Debug|Any CPU.Build.0 = Debug|Any CPU
		{67165A0F-09DF-43F4-B391-6AC3EBA6977F}.Release|Any CPU.ActiveCfg = Release|Any CPU
		{67165A0F-09DF-43F4-B391-6AC3EBA6977F}.Release|Any CPU.Build.0 = Release|Any CPU
		{DA9328F3-A657-4F34-A995-429DC7771096}.Debug|Any CPU.ActiveCfg = Debug|Any CPU
		{DA9328F3-A657-4F34-A995-429DC7771096}.Debug|Any CPU.Build.0 = Debug|Any CPU
		{DA9328F3-A657-4F34-A995-429DC7771096}.Release|Any CPU.ActiveCfg = Release|Any CPU
		{DA9328F3-A657-4F34-A995-429DC7771096}.Release|Any CPU.Build.0 = Release|Any CPU
		{7C2CACC8-6F42-4BFD-A989-F4FC4D012E85}.Debug|Any CPU.ActiveCfg = Debug|Any CPU
		{7C2CACC8-6F42-4BFD-A989-F4FC4D012E85}.Debug|Any CPU.Build.0 = Debug|Any CPU
		{7C2CACC8-6F42-4BFD-A989-F4FC4D012E85}.Release|Any CPU.ActiveCfg = Release|Any CPU
		{7C2CACC8-6F42-4BFD-A989-F4FC4D012E85}.Release|Any CPU.Build.0 = Release|Any CPU
	EndGlobalSection
	GlobalSection(SolutionProperties) = preSolution
		HideSolutionNode = FALSE
	EndGlobalSection
	GlobalSection(ExtensibilityGlobals) = postSolution
		SolutionGuid = {3FF3D603-1161-41D5-A608-4311E79DC10D}
	EndGlobalSection
EndGlobal
