
Microsoft Visual Studio Solution File, Format Version 12.00
# Visual Studio Version 17
VisualStudioVersion = 17.3.32929.385
MinimumVisualStudioVersion = 10.0.40219.1
Project("{9A19103F-16F7-4668-BE54-9A1E7A4F7556}") = "Clase1.Consola", "Clase1.Consola\Clase1.Consola.csproj", "{C879B652-64B0-4E00-93E9-2A3102C938FA}"
EndProject
Project("{9A19103F-16F7-4668-BE54-9A1E7A4F7556}") = "Clase1.Logica", "Clase1.Logica\Clase1.Logica.csproj", "{AD7C1759-ED6C-4BB9-80D4-6D233FAE8702}"
EndProject
Project("{9A19103F-16F7-4668-BE54-9A1E7A4F7556}") = "Clase1.Bola8Magica.Consola", "clase1.Bola8Magica\Clase1.Bola8Magica.Consola.csproj", "{CC3255EE-29C2-42AC-A2AA-E55DDFC2F92B}"
EndProject
Project("{9A19103F-16F7-4668-BE54-9A1E7A4F7556}") = "Clase1.Bola8Magica", "Clase1.Bola8\Clase1.Bola8Magica.csproj", "{24BECF8B-9ED5-48EB-84F1-3721F7915DFF}"
EndProject
Global
	GlobalSection(SolutionConfigurationPlatforms) = preSolution
		Debug|Any CPU = Debug|Any CPU
		Release|Any CPU = Release|Any CPU
	EndGlobalSection
	GlobalSection(ProjectConfigurationPlatforms) = postSolution
		{C879B652-64B0-4E00-93E9-2A3102C938FA}.Debug|Any CPU.ActiveCfg = Debug|Any CPU
		{C879B652-64B0-4E00-93E9-2A3102C938FA}.Debug|Any CPU.Build.0 = Debug|Any CPU
		{C879B652-64B0-4E00-93E9-2A3102C938FA}.Release|Any CPU.ActiveCfg = Release|Any CPU
		{C879B652-64B0-4E00-93E9-2A3102C938FA}.Release|Any CPU.Build.0 = Release|Any CPU
		{AD7C1759-ED6C-4BB9-80D4-6D233FAE8702}.Debug|Any CPU.ActiveCfg = Debug|Any CPU
		{AD7C1759-ED6C-4BB9-80D4-6D233FAE8702}.Debug|Any CPU.Build.0 = Debug|Any CPU
		{AD7C1759-ED6C-4BB9-80D4-6D233FAE8702}.Release|Any CPU.ActiveCfg = Release|Any CPU
		{AD7C1759-ED6C-4BB9-80D4-6D233FAE8702}.Release|Any CPU.Build.0 = Release|Any CPU
		{CC3255EE-29C2-42AC-A2AA-E55DDFC2F92B}.Debug|Any CPU.ActiveCfg = Debug|Any CPU
		{CC3255EE-29C2-42AC-A2AA-E55DDFC2F92B}.Debug|Any CPU.Build.0 = Debug|Any CPU
		{CC3255EE-29C2-42AC-A2AA-E55DDFC2F92B}.Release|Any CPU.ActiveCfg = Release|Any CPU
		{CC3255EE-29C2-42AC-A2AA-E55DDFC2F92B}.Release|Any CPU.Build.0 = Release|Any CPU
		{24BECF8B-9ED5-48EB-84F1-3721F7915DFF}.Debug|Any CPU.ActiveCfg = Debug|Any CPU
		{24BECF8B-9ED5-48EB-84F1-3721F7915DFF}.Debug|Any CPU.Build.0 = Debug|Any CPU
		{24BECF8B-9ED5-48EB-84F1-3721F7915DFF}.Release|Any CPU.ActiveCfg = Release|Any CPU
		{24BECF8B-9ED5-48EB-84F1-3721F7915DFF}.Release|Any CPU.Build.0 = Release|Any CPU
	EndGlobalSection
	GlobalSection(SolutionProperties) = preSolution
		HideSolutionNode = FALSE
	EndGlobalSection
	GlobalSection(ExtensibilityGlobals) = postSolution
		SolutionGuid = {01D5BBFB-436A-425C-A48B-2CD4AD89FDE0}
	EndGlobalSection
EndGlobal
