
Microsoft Visual Studio Solution File, Format Version 12.00
# Visual Studio Version 17
VisualStudioVersion = 17.3.32929.385
MinimumVisualStudioVersion = 10.0.40219.1
Project("{FAE04EC0-301F-11D3-BF4B-00C04F79EFBC}") = "Clase8.Jugueteria.Api", "Clase8.Jugueteria.Api\Clase8.Jugueteria.Api.csproj", "{EEB68077-848F-4A3B-8CB0-63AE5B068382}"
EndProject
Global
	GlobalSection(SolutionConfigurationPlatforms) = preSolution
		Debug|Any CPU = Debug|Any CPU
		Release|Any CPU = Release|Any CPU
	EndGlobalSection
	GlobalSection(ProjectConfigurationPlatforms) = postSolution
		{EEB68077-848F-4A3B-8CB0-63AE5B068382}.Debug|Any CPU.ActiveCfg = Debug|Any CPU
		{EEB68077-848F-4A3B-8CB0-63AE5B068382}.Debug|Any CPU.Build.0 = Debug|Any CPU
		{EEB68077-848F-4A3B-8CB0-63AE5B068382}.Release|Any CPU.ActiveCfg = Release|Any CPU
		{EEB68077-848F-4A3B-8CB0-63AE5B068382}.Release|Any CPU.Build.0 = Release|Any CPU
	EndGlobalSection
	GlobalSection(SolutionProperties) = preSolution
		HideSolutionNode = FALSE
	EndGlobalSection
	GlobalSection(ExtensibilityGlobals) = postSolution
		SolutionGuid = {083BD3CB-CE33-4C43-9157-04E0B5880950}
	EndGlobalSection
EndGlobal
